{
  "requires": true,
  "lockfileVersion": 1,
  "dependencies": {
    "cedula-panama": {
      "version": "1.0.1",
      "resolved": "https://registry.npmjs.org/cedula-panama/-/cedula-panama-1.0.1.tgz",
      "integrity": "sha512-LbDaVMI7IBOKuDDvcMCpHJOxNcTXLwxMG794LoIP/3ThUxlgvGTIqPciLWMDxCsfXnfvdK2MY6Oql65u4NviUQ=="
    }
  }
}
